
Microsoft Visual Studio Solution File, Format Version 12.00
# Visual Studio Version 16
VisualStudioVersion = 16.0.32510.428
MinimumVisualStudioVersion = 10.0.40219.1
Project("{FAE04EC0-301F-11D3-BF4B-00C04F79EFBC}") = "ASCII Donut", "ASCII Donut.csproj", "{DB2EAA1C-B0CE-47DF-9E76-06F2070A8C8A}"
EndProject
Global
	GlobalSection(SolutionConfigurationPlatforms) = preSolution
		Debug|Any CPU = Debug|Any CPU
		Release|Any CPU = Release|Any CPU
	EndGlobalSection
	GlobalSection(ProjectConfigurationPlatforms) = postSolution
		{DB2EAA1C-B0CE-47DF-9E76-06F2070A8C8A}.Debug|Any CPU.ActiveCfg = Debug|Any CPU
		{DB2EAA1C-B0CE-47DF-9E76-06F2070A8C8A}.Debug|Any CPU.Build.0 = Debug|Any CPU
		{DB2EAA1C-B0CE-47DF-9E76-06F2070A8C8A}.Release|Any CPU.ActiveCfg = Release|Any CPU
		{DB2EAA1C-B0CE-47DF-9E76-06F2070A8C8A}.Release|Any CPU.Build.0 = Release|Any CPU
	EndGlobalSection
	GlobalSection(SolutionProperties) = preSolution
		HideSolutionNode = FALSE
	EndGlobalSection
	GlobalSection(ExtensibilityGlobals) = postSolution
		SolutionGuid = {561697C3-3988-43DD-A0B1-F9C50EB60DE2}
	EndGlobalSection
EndGlobal
